
Microsoft Visual Studio Solution File, Format Version 12.00
Project("{2150E333-8FDC-42A3-9474-1A3956D46DE8}") = "src", "src", "{76ACC197-63D5-4106-B6AA-A575164F0DF9}"
EndProject
Project("{FAE04EC0-301F-11D3-BF4B-00C04F79EFBC}") = "AoC.2023", "src\AoC.2023\AoC.2023.csproj", "{08C5B1F3-DBC0-4931-B163-2BDCA24AA18C}"
EndProject
Project("{FAE04EC0-301F-11D3-BF4B-00C04F79EFBC}") = "AoC.Shared", "src\AoC.Shared\AoC.Shared.csproj", "{30A93B79-D5ED-4D91-9CB6-CAAB1850FB56}"
EndProject
Project("{2150E333-8FDC-42A3-9474-1A3956D46DE8}") = "SolutionItems", "SolutionItems", "{2977929E-7CC6-4B7B-BE0B-F3C6EBDFB8B4}"
	ProjectSection(SolutionItems) = preProject
		global.json = global.json
		.gitignore = .gitignore
	EndProjectSection
EndProject
Project("{2150E333-8FDC-42A3-9474-1A3956D46DE8}") = "test", "test", "{8FD4FD66-A62D-47B1-8E5E-BC78A5E281CB}"
EndProject
Project("{FAE04EC0-301F-11D3-BF4B-00C04F79EFBC}") = "InputTest", "test\InputTest\InputTest.csproj", "{B7734AC4-4387-4A35-80AC-A991ED926E30}"
EndProject
Project("{2150E333-8FDC-42A3-9474-1A3956D46DE8}") = "2024", "2024", "{C678DD5B-130A-4E11-8ED4-E36B38BD4A86}"
EndProject
Project("{FAE04EC0-301F-11D3-BF4B-00C04F79EFBC}") = "Day01", "src\2024\Day01\Day01.csproj", "{AC3D6DB2-4013-48E9-A52A-0BB71D345837}"
EndProject
Project("{2150E333-8FDC-42A3-9474-1A3956D46DE8}") = ".github", ".github", "{AFC8C7B5-555A-4480-AEAA-16AFC0707BC0}"
EndProject
Project("{2150E333-8FDC-42A3-9474-1A3956D46DE8}") = "workflows", "workflows", "{4ACC8046-CE8C-42A5-9125-62F9DCAB4908}"
	ProjectSection(SolutionItems) = preProject
		.github\workflows\build-dotnet.yml = .github\workflows\build-dotnet.yml
	EndProjectSection
EndProject
Project("{FAE04EC0-301F-11D3-BF4B-00C04F79EFBC}") = "Day02", "src\2024\Day02\Day02.csproj", "{61522964-7C0D-4473-A006-163CFDFC6C2F}"
EndProject
Project("{FAE04EC0-301F-11D3-BF4B-00C04F79EFBC}") = "Day03", "src\2024\Day03\Day03.csproj", "{2C5A12AF-7C91-4A4A-A483-408C4C33E404}"
EndProject
Project("{FAE04EC0-301F-11D3-BF4B-00C04F79EFBC}") = "Day04", "src\2024\Day04\Day04.csproj", "{4497A9DB-ED7B-45B9-ADA6-1F7B277C0D97}"
EndProject
Project("{FAE04EC0-301F-11D3-BF4B-00C04F79EFBC}") = "Day05", "src\2024\Day05\Day05.csproj", "{7E6D40EF-3609-482E-A6C8-39A5020F9B70}"
EndProject
Project("{FAE04EC0-301F-11D3-BF4B-00C04F79EFBC}") = "Day06", "src\2024\Day06\Day06.csproj", "{F46AB5D8-05DB-49DB-8EC5-DBD640F95212}"
EndProject
Project("{FAE04EC0-301F-11D3-BF4B-00C04F79EFBC}") = "Day07", "src\2024\Day07\Day07.csproj", "{419465B1-C80D-467E-978A-7A1535C24564}"
EndProject
Project("{FAE04EC0-301F-11D3-BF4B-00C04F79EFBC}") = "Day08", "src\2024\Day08\Day08.csproj", "{62B25597-ECA8-470A-9E20-AA0460A0CD7A}"
EndProject
Project("{FAE04EC0-301F-11D3-BF4B-00C04F79EFBC}") = "Day09", "src\2024\Day09\Day09.csproj", "{1E3F4D92-E326-4859-95EF-E0101FB4E1EE}"
EndProject
Project("{FAE04EC0-301F-11D3-BF4B-00C04F79EFBC}") = "Day10", "src\2024\Day10\Day10.csproj", "{4E9A7087-7736-4C7B-A52C-FB8476B87868}"
EndProject
Project("{FAE04EC0-301F-11D3-BF4B-00C04F79EFBC}") = "Day11", "src\2024\Day11\Day11.csproj", "{D7A1E34F-69DD-4014-B817-42C9C460ADEB}"
EndProject
Project("{FAE04EC0-301F-11D3-BF4B-00C04F79EFBC}") = "Day13", "src\2024\Day13\Day13.csproj", "{4511589C-8FF5-4F95-852C-2D41931A5AFE}"
EndProject
Project("{FAE04EC0-301F-11D3-BF4B-00C04F79EFBC}") = "Day14", "src\2024\Day14\Day14.csproj", "{3FA03848-8C82-49CE-820B-76FD4D3F6D98}"
EndProject
Project("{FAE04EC0-301F-11D3-BF4B-00C04F79EFBC}") = "Day15", "src\2024\Day15\Day15.csproj", "{A08377F2-BCB1-49FB-9AC3-22B5188716B3}"
EndProject
Project("{FAE04EC0-301F-11D3-BF4B-00C04F79EFBC}") = "Day16", "src\2024\Day16\Day16.csproj", "{43812005-F1E3-4B73-BECF-730DAAA36B39}"
EndProject
Project("{FAE04EC0-301F-11D3-BF4B-00C04F79EFBC}") = "Day17", "src\2024\Day17\Day17.csproj", "{8271F98E-2C52-492B-9118-F549B9B4A243}"
EndProject
Project("{FAE04EC0-301F-11D3-BF4B-00C04F79EFBC}") = "Day18", "src\2024\Day18\Day18.csproj", "{58BE02E7-1C12-438E-962E-76CE58B70216}"
EndProject
Project("{FAE04EC0-301F-11D3-BF4B-00C04F79EFBC}") = "Day19", "src\2024\Day19\Day19.csproj", "{0750145A-AA4E-4534-A258-04FF09340C3F}"
EndProject
Project("{FAE04EC0-301F-11D3-BF4B-00C04F79EFBC}") = "Day20", "src\2024\Day20\Day20.csproj", "{E44E5FF8-B7E5-4937-8254-32DE4B81C12C}"
EndProject
Project("{FAE04EC0-301F-11D3-BF4B-00C04F79EFBC}") = "Day22", "src\2024\Day22\Day22.csproj", "{2E5C0BBA-E5C3-41C1-B577-049B5B4095FB}"
EndProject
Project("{FAE04EC0-301F-11D3-BF4B-00C04F79EFBC}") = "Day21", "src\2024\Day21\Day21.csproj", "{10246008-0651-4DF1-880F-E8947432D2AD}"
EndProject
Project("{FAE04EC0-301F-11D3-BF4B-00C04F79EFBC}") = "Day12", "src\2024\Day12\Day12.csproj", "{A3853C39-AF50-4D9D-AE42-A0D91BAF26E1}"
EndProject
Project("{FAE04EC0-301F-11D3-BF4B-00C04F79EFBC}") = "Day23", "src\2024\Day23\Day23.csproj", "{A55F817C-0DC5-4263-8795-CFA85D2247F0}"
EndProject
Project("{FAE04EC0-301F-11D3-BF4B-00C04F79EFBC}") = "Day24", "src\2024\Day24\Day24.csproj", "{9DA8C9D2-20B5-4236-8F99-639ED3F68152}"
EndProject
Project("{FAE04EC0-301F-11D3-BF4B-00C04F79EFBC}") = "Day25", "src\2024\Day25\Day25.csproj", "{EA1203B2-6725-4DAE-A71D-CA4411301F0F}"
EndProject
Global
	GlobalSection(SolutionConfigurationPlatforms) = preSolution
		Debug|Any CPU = Debug|Any CPU
		Release|Any CPU = Release|Any CPU
	EndGlobalSection
	GlobalSection(ProjectConfigurationPlatforms) = postSolution
		{08C5B1F3-DBC0-4931-B163-2BDCA24AA18C}.Debug|Any CPU.ActiveCfg = Debug|Any CPU
		{08C5B1F3-DBC0-4931-B163-2BDCA24AA18C}.Debug|Any CPU.Build.0 = Debug|Any CPU
		{08C5B1F3-DBC0-4931-B163-2BDCA24AA18C}.Release|Any CPU.ActiveCfg = Release|Any CPU
		{08C5B1F3-DBC0-4931-B163-2BDCA24AA18C}.Release|Any CPU.Build.0 = Release|Any CPU
		{30A93B79-D5ED-4D91-9CB6-CAAB1850FB56}.Debug|Any CPU.ActiveCfg = Debug|Any CPU
		{30A93B79-D5ED-4D91-9CB6-CAAB1850FB56}.Debug|Any CPU.Build.0 = Debug|Any CPU
		{30A93B79-D5ED-4D91-9CB6-CAAB1850FB56}.Release|Any CPU.ActiveCfg = Release|Any CPU
		{30A93B79-D5ED-4D91-9CB6-CAAB1850FB56}.Release|Any CPU.Build.0 = Release|Any CPU
		{B7734AC4-4387-4A35-80AC-A991ED926E30}.Debug|Any CPU.ActiveCfg = Debug|Any CPU
		{B7734AC4-4387-4A35-80AC-A991ED926E30}.Debug|Any CPU.Build.0 = Debug|Any CPU
		{B7734AC4-4387-4A35-80AC-A991ED926E30}.Release|Any CPU.ActiveCfg = Release|Any CPU
		{B7734AC4-4387-4A35-80AC-A991ED926E30}.Release|Any CPU.Build.0 = Release|Any CPU
		{AC3D6DB2-4013-48E9-A52A-0BB71D345837}.Debug|Any CPU.ActiveCfg = Debug|Any CPU
		{AC3D6DB2-4013-48E9-A52A-0BB71D345837}.Debug|Any CPU.Build.0 = Debug|Any CPU
		{AC3D6DB2-4013-48E9-A52A-0BB71D345837}.Release|Any CPU.ActiveCfg = Release|Any CPU
		{AC3D6DB2-4013-48E9-A52A-0BB71D345837}.Release|Any CPU.Build.0 = Release|Any CPU
		{61522964-7C0D-4473-A006-163CFDFC6C2F}.Debug|Any CPU.ActiveCfg = Debug|Any CPU
		{61522964-7C0D-4473-A006-163CFDFC6C2F}.Debug|Any CPU.Build.0 = Debug|Any CPU
		{61522964-7C0D-4473-A006-163CFDFC6C2F}.Release|Any CPU.ActiveCfg = Release|Any CPU
		{61522964-7C0D-4473-A006-163CFDFC6C2F}.Release|Any CPU.Build.0 = Release|Any CPU
		{2C5A12AF-7C91-4A4A-A483-408C4C33E404}.Debug|Any CPU.ActiveCfg = Debug|Any CPU
		{2C5A12AF-7C91-4A4A-A483-408C4C33E404}.Debug|Any CPU.Build.0 = Debug|Any CPU
		{2C5A12AF-7C91-4A4A-A483-408C4C33E404}.Release|Any CPU.ActiveCfg = Release|Any CPU
		{2C5A12AF-7C91-4A4A-A483-408C4C33E404}.Release|Any CPU.Build.0 = Release|Any CPU
		{4497A9DB-ED7B-45B9-ADA6-1F7B277C0D97}.Debug|Any CPU.ActiveCfg = Debug|Any CPU
		{4497A9DB-ED7B-45B9-ADA6-1F7B277C0D97}.Debug|Any CPU.Build.0 = Debug|Any CPU
		{4497A9DB-ED7B-45B9-ADA6-1F7B277C0D97}.Release|Any CPU.ActiveCfg = Release|Any CPU
		{4497A9DB-ED7B-45B9-ADA6-1F7B277C0D97}.Release|Any CPU.Build.0 = Release|Any CPU
		{7E6D40EF-3609-482E-A6C8-39A5020F9B70}.Debug|Any CPU.ActiveCfg = Debug|Any CPU
		{7E6D40EF-3609-482E-A6C8-39A5020F9B70}.Debug|Any CPU.Build.0 = Debug|Any CPU
		{7E6D40EF-3609-482E-A6C8-39A5020F9B70}.Release|Any CPU.ActiveCfg = Release|Any CPU
		{7E6D40EF-3609-482E-A6C8-39A5020F9B70}.Release|Any CPU.Build.0 = Release|Any CPU
		{F46AB5D8-05DB-49DB-8EC5-DBD640F95212}.Debug|Any CPU.ActiveCfg = Debug|Any CPU
		{F46AB5D8-05DB-49DB-8EC5-DBD640F95212}.Debug|Any CPU.Build.0 = Debug|Any CPU
		{F46AB5D8-05DB-49DB-8EC5-DBD640F95212}.Release|Any CPU.ActiveCfg = Release|Any CPU
		{F46AB5D8-05DB-49DB-8EC5-DBD640F95212}.Release|Any CPU.Build.0 = Release|Any CPU
		{419465B1-C80D-467E-978A-7A1535C24564}.Debug|Any CPU.ActiveCfg = Debug|Any CPU
		{419465B1-C80D-467E-978A-7A1535C24564}.Debug|Any CPU.Build.0 = Debug|Any CPU
		{419465B1-C80D-467E-978A-7A1535C24564}.Release|Any CPU.ActiveCfg = Release|Any CPU
		{419465B1-C80D-467E-978A-7A1535C24564}.Release|Any CPU.Build.0 = Release|Any CPU
		{62B25597-ECA8-470A-9E20-AA0460A0CD7A}.Debug|Any CPU.ActiveCfg = Debug|Any CPU
		{62B25597-ECA8-470A-9E20-AA0460A0CD7A}.Debug|Any CPU.Build.0 = Debug|Any CPU
		{62B25597-ECA8-470A-9E20-AA0460A0CD7A}.Release|Any CPU.ActiveCfg = Release|Any CPU
		{62B25597-ECA8-470A-9E20-AA0460A0CD7A}.Release|Any CPU.Build.0 = Release|Any CPU
		{1E3F4D92-E326-4859-95EF-E0101FB4E1EE}.Debug|Any CPU.ActiveCfg = Debug|Any CPU
		{1E3F4D92-E326-4859-95EF-E0101FB4E1EE}.Debug|Any CPU.Build.0 = Debug|Any CPU
		{1E3F4D92-E326-4859-95EF-E0101FB4E1EE}.Release|Any CPU.ActiveCfg = Release|Any CPU
		{1E3F4D92-E326-4859-95EF-E0101FB4E1EE}.Release|Any CPU.Build.0 = Release|Any CPU
		{4E9A7087-7736-4C7B-A52C-FB8476B87868}.Debug|Any CPU.ActiveCfg = Debug|Any CPU
		{4E9A7087-7736-4C7B-A52C-FB8476B87868}.Debug|Any CPU.Build.0 = Debug|Any CPU
		{4E9A7087-7736-4C7B-A52C-FB8476B87868}.Release|Any CPU.ActiveCfg = Release|Any CPU
		{4E9A7087-7736-4C7B-A52C-FB8476B87868}.Release|Any CPU.Build.0 = Release|Any CPU
		{D7A1E34F-69DD-4014-B817-42C9C460ADEB}.Debug|Any CPU.ActiveCfg = Debug|Any CPU
		{D7A1E34F-69DD-4014-B817-42C9C460ADEB}.Debug|Any CPU.Build.0 = Debug|Any CPU
		{D7A1E34F-69DD-4014-B817-42C9C460ADEB}.Release|Any CPU.ActiveCfg = Release|Any CPU
		{D7A1E34F-69DD-4014-B817-42C9C460ADEB}.Release|Any CPU.Build.0 = Release|Any CPU
		{4511589C-8FF5-4F95-852C-2D41931A5AFE}.Debug|Any CPU.ActiveCfg = Debug|Any CPU
		{4511589C-8FF5-4F95-852C-2D41931A5AFE}.Debug|Any CPU.Build.0 = Debug|Any CPU
		{4511589C-8FF5-4F95-852C-2D41931A5AFE}.Release|Any CPU.ActiveCfg = Release|Any CPU
		{4511589C-8FF5-4F95-852C-2D41931A5AFE}.Release|Any CPU.Build.0 = Release|Any CPU
		{3FA03848-8C82-49CE-820B-76FD4D3F6D98}.Debug|Any CPU.ActiveCfg = Debug|Any CPU
		{3FA03848-8C82-49CE-820B-76FD4D3F6D98}.Debug|Any CPU.Build.0 = Debug|Any CPU
		{3FA03848-8C82-49CE-820B-76FD4D3F6D98}.Release|Any CPU.ActiveCfg = Release|Any CPU
		{3FA03848-8C82-49CE-820B-76FD4D3F6D98}.Release|Any CPU.Build.0 = Release|Any CPU
		{A08377F2-BCB1-49FB-9AC3-22B5188716B3}.Debug|Any CPU.ActiveCfg = Debug|Any CPU
		{A08377F2-BCB1-49FB-9AC3-22B5188716B3}.Debug|Any CPU.Build.0 = Debug|Any CPU
		{A08377F2-BCB1-49FB-9AC3-22B5188716B3}.Release|Any CPU.ActiveCfg = Release|Any CPU
		{A08377F2-BCB1-49FB-9AC3-22B5188716B3}.Release|Any CPU.Build.0 = Release|Any CPU
		{43812005-F1E3-4B73-BECF-730DAAA36B39}.Debug|Any CPU.ActiveCfg = Debug|Any CPU
		{43812005-F1E3-4B73-BECF-730DAAA36B39}.Debug|Any CPU.Build.0 = Debug|Any CPU
		{43812005-F1E3-4B73-BECF-730DAAA36B39}.Release|Any CPU.ActiveCfg = Release|Any CPU
		{43812005-F1E3-4B73-BECF-730DAAA36B39}.Release|Any CPU.Build.0 = Release|Any CPU
		{8271F98E-2C52-492B-9118-F549B9B4A243}.Debug|Any CPU.ActiveCfg = Debug|Any CPU
		{8271F98E-2C52-492B-9118-F549B9B4A243}.Debug|Any CPU.Build.0 = Debug|Any CPU
		{8271F98E-2C52-492B-9118-F549B9B4A243}.Release|Any CPU.ActiveCfg = Release|Any CPU
		{8271F98E-2C52-492B-9118-F549B9B4A243}.Release|Any CPU.Build.0 = Release|Any CPU
		{58BE02E7-1C12-438E-962E-76CE58B70216}.Debug|Any CPU.ActiveCfg = Debug|Any CPU
		{58BE02E7-1C12-438E-962E-76CE58B70216}.Debug|Any CPU.Build.0 = Debug|Any CPU
		{58BE02E7-1C12-438E-962E-76CE58B70216}.Release|Any CPU.ActiveCfg = Release|Any CPU
		{58BE02E7-1C12-438E-962E-76CE58B70216}.Release|Any CPU.Build.0 = Release|Any CPU
		{0750145A-AA4E-4534-A258-04FF09340C3F}.Debug|Any CPU.ActiveCfg = Debug|Any CPU
		{0750145A-AA4E-4534-A258-04FF09340C3F}.Debug|Any CPU.Build.0 = Debug|Any CPU
		{0750145A-AA4E-4534-A258-04FF09340C3F}.Release|Any CPU.ActiveCfg = Release|Any CPU
		{0750145A-AA4E-4534-A258-04FF09340C3F}.Release|Any CPU.Build.0 = Release|Any CPU
		{E44E5FF8-B7E5-4937-8254-32DE4B81C12C}.Debug|Any CPU.ActiveCfg = Debug|Any CPU
		{E44E5FF8-B7E5-4937-8254-32DE4B81C12C}.Debug|Any CPU.Build.0 = Debug|Any CPU
		{E44E5FF8-B7E5-4937-8254-32DE4B81C12C}.Release|Any CPU.ActiveCfg = Release|Any CPU
		{E44E5FF8-B7E5-4937-8254-32DE4B81C12C}.Release|Any CPU.Build.0 = Release|Any CPU
		{2E5C0BBA-E5C3-41C1-B577-049B5B4095FB}.Debug|Any CPU.ActiveCfg = Debug|Any CPU
		{2E5C0BBA-E5C3-41C1-B577-049B5B4095FB}.Debug|Any CPU.Build.0 = Debug|Any CPU
		{2E5C0BBA-E5C3-41C1-B577-049B5B4095FB}.Release|Any CPU.ActiveCfg = Release|Any CPU
		{2E5C0BBA-E5C3-41C1-B577-049B5B4095FB}.Release|Any CPU.Build.0 = Release|Any CPU
		{10246008-0651-4DF1-880F-E8947432D2AD}.Debug|Any CPU.ActiveCfg = Debug|Any CPU
		{10246008-0651-4DF1-880F-E8947432D2AD}.Debug|Any CPU.Build.0 = Debug|Any CPU
		{10246008-0651-4DF1-880F-E8947432D2AD}.Release|Any CPU.ActiveCfg = Release|Any CPU
		{10246008-0651-4DF1-880F-E8947432D2AD}.Release|Any CPU.Build.0 = Release|Any CPU
		{A3853C39-AF50-4D9D-AE42-A0D91BAF26E1}.Debug|Any CPU.ActiveCfg = Debug|Any CPU
		{A3853C39-AF50-4D9D-AE42-A0D91BAF26E1}.Debug|Any CPU.Build.0 = Debug|Any CPU
		{A3853C39-AF50-4D9D-AE42-A0D91BAF26E1}.Release|Any CPU.ActiveCfg = Release|Any CPU
		{A3853C39-AF50-4D9D-AE42-A0D91BAF26E1}.Release|Any CPU.Build.0 = Release|Any CPU
		{A55F817C-0DC5-4263-8795-CFA85D2247F0}.Debug|Any CPU.ActiveCfg = Debug|Any CPU
		{A55F817C-0DC5-4263-8795-CFA85D2247F0}.Debug|Any CPU.Build.0 = Debug|Any CPU
		{A55F817C-0DC5-4263-8795-CFA85D2247F0}.Release|Any CPU.ActiveCfg = Release|Any CPU
		{A55F817C-0DC5-4263-8795-CFA85D2247F0}.Release|Any CPU.Build.0 = Release|Any CPU
		{9DA8C9D2-20B5-4236-8F99-639ED3F68152}.Debug|Any CPU.ActiveCfg = Debug|Any CPU
		{9DA8C9D2-20B5-4236-8F99-639ED3F68152}.Debug|Any CPU.Build.0 = Debug|Any CPU
		{9DA8C9D2-20B5-4236-8F99-639ED3F68152}.Release|Any CPU.ActiveCfg = Release|Any CPU
		{9DA8C9D2-20B5-4236-8F99-639ED3F68152}.Release|Any CPU.Build.0 = Release|Any CPU
		{EA1203B2-6725-4DAE-A71D-CA4411301F0F}.Debug|Any CPU.ActiveCfg = Debug|Any CPU
		{EA1203B2-6725-4DAE-A71D-CA4411301F0F}.Debug|Any CPU.Build.0 = Debug|Any CPU
		{EA1203B2-6725-4DAE-A71D-CA4411301F0F}.Release|Any CPU.ActiveCfg = Release|Any CPU
		{EA1203B2-6725-4DAE-A71D-CA4411301F0F}.Release|Any CPU.Build.0 = Release|Any CPU
	EndGlobalSection
	GlobalSection(NestedProjects) = preSolution
		{08C5B1F3-DBC0-4931-B163-2BDCA24AA18C} = {76ACC197-63D5-4106-B6AA-A575164F0DF9}
		{30A93B79-D5ED-4D91-9CB6-CAAB1850FB56} = {76ACC197-63D5-4106-B6AA-A575164F0DF9}
		{B7734AC4-4387-4A35-80AC-A991ED926E30} = {8FD4FD66-A62D-47B1-8E5E-BC78A5E281CB}
		{C678DD5B-130A-4E11-8ED4-E36B38BD4A86} = {76ACC197-63D5-4106-B6AA-A575164F0DF9}
		{AC3D6DB2-4013-48E9-A52A-0BB71D345837} = {C678DD5B-130A-4E11-8ED4-E36B38BD4A86}
		{4ACC8046-CE8C-42A5-9125-62F9DCAB4908} = {AFC8C7B5-555A-4480-AEAA-16AFC0707BC0}
		{61522964-7C0D-4473-A006-163CFDFC6C2F} = {C678DD5B-130A-4E11-8ED4-E36B38BD4A86}
		{2C5A12AF-7C91-4A4A-A483-408C4C33E404} = {C678DD5B-130A-4E11-8ED4-E36B38BD4A86}
		{4497A9DB-ED7B-45B9-ADA6-1F7B277C0D97} = {C678DD5B-130A-4E11-8ED4-E36B38BD4A86}
		{7E6D40EF-3609-482E-A6C8-39A5020F9B70} = {C678DD5B-130A-4E11-8ED4-E36B38BD4A86}
		{F46AB5D8-05DB-49DB-8EC5-DBD640F95212} = {C678DD5B-130A-4E11-8ED4-E36B38BD4A86}
		{419465B1-C80D-467E-978A-7A1535C24564} = {C678DD5B-130A-4E11-8ED4-E36B38BD4A86}
		{62B25597-ECA8-470A-9E20-AA0460A0CD7A} = {C678DD5B-130A-4E11-8ED4-E36B38BD4A86}
		{1E3F4D92-E326-4859-95EF-E0101FB4E1EE} = {C678DD5B-130A-4E11-8ED4-E36B38BD4A86}
		{4E9A7087-7736-4C7B-A52C-FB8476B87868} = {C678DD5B-130A-4E11-8ED4-E36B38BD4A86}
		{D7A1E34F-69DD-4014-B817-42C9C460ADEB} = {C678DD5B-130A-4E11-8ED4-E36B38BD4A86}
		{4511589C-8FF5-4F95-852C-2D41931A5AFE} = {C678DD5B-130A-4E11-8ED4-E36B38BD4A86}
		{3FA03848-8C82-49CE-820B-76FD4D3F6D98} = {C678DD5B-130A-4E11-8ED4-E36B38BD4A86}
		{A08377F2-BCB1-49FB-9AC3-22B5188716B3} = {C678DD5B-130A-4E11-8ED4-E36B38BD4A86}
		{43812005-F1E3-4B73-BECF-730DAAA36B39} = {C678DD5B-130A-4E11-8ED4-E36B38BD4A86}
		{8271F98E-2C52-492B-9118-F549B9B4A243} = {C678DD5B-130A-4E11-8ED4-E36B38BD4A86}
		{58BE02E7-1C12-438E-962E-76CE58B70216} = {C678DD5B-130A-4E11-8ED4-E36B38BD4A86}
		{0750145A-AA4E-4534-A258-04FF09340C3F} = {C678DD5B-130A-4E11-8ED4-E36B38BD4A86}
		{E44E5FF8-B7E5-4937-8254-32DE4B81C12C} = {C678DD5B-130A-4E11-8ED4-E36B38BD4A86}
		{2E5C0BBA-E5C3-41C1-B577-049B5B4095FB} = {C678DD5B-130A-4E11-8ED4-E36B38BD4A86}
		{10246008-0651-4DF1-880F-E8947432D2AD} = {C678DD5B-130A-4E11-8ED4-E36B38BD4A86}
		{A3853C39-AF50-4D9D-AE42-A0D91BAF26E1} = {C678DD5B-130A-4E11-8ED4-E36B38BD4A86}
		{A55F817C-0DC5-4263-8795-CFA85D2247F0} = {C678DD5B-130A-4E11-8ED4-E36B38BD4A86}
		{9DA8C9D2-20B5-4236-8F99-639ED3F68152} = {C678DD5B-130A-4E11-8ED4-E36B38BD4A86}
		{EA1203B2-6725-4DAE-A71D-CA4411301F0F} = {C678DD5B-130A-4E11-8ED4-E36B38BD4A86}
	EndGlobalSection
EndGlobal
